
Microsoft Visual Studio Solution File, Format Version 12.00
# Visual Studio 15
VisualStudioVersion = 15.0.26124.0
MinimumVisualStudioVersion = 15.0.26124.0
Project("{FAE04EC0-301F-11D3-BF4B-00C04F79EFBC}") = "Azure.Messaging.Replication", "..\src\Azure.Messaging.Replication\Azure.Messaging.Replication.csproj", "{31132CBD-8140-469C-B58C-747938ECAA20}"
EndProject
Project("{FAE04EC0-301F-11D3-BF4B-00C04F79EFBC}") = "CodeBaseApp", "..\functions\code\CodeBaseApp\CodeBaseApp.csproj", "{15026AD3-FB2B-4B5A-B2EC-31444B06D285}"
EndProject
Project("{FAE04EC0-301F-11D3-BF4B-00C04F79EFBC}") = "EventHubToEventHubCopy", "..\functions\code\EventHubToEventHubCopy\EventHubToEventHubCopy.csproj", "{6ACF0AAD-BBA1-4FB0-9D34-D06B0A0B84F4}"
EndProject
Project("{FAE04EC0-301F-11D3-BF4B-00C04F79EFBC}") = "ServiceBusToServiceBusCopy", "..\functions\code\ServiceBusToServiceBusCopy\ServiceBusToServiceBusCopy.csproj", "{64DA4C35-54C2-4D87-89E2-FD083E285EF1}"
EndProject
Project("{FAE04EC0-301F-11D3-BF4B-00C04F79EFBC}") = "EventHubToEventHubMerge", "..\functions\code\EventHubToEventHubMerge\EventHubToEventHubMerge.csproj", "{55968A39-67A1-45BE-A1E2-7132C5AF96C6}"
EndProject
Project("{FAE04EC0-301F-11D3-BF4B-00C04F79EFBC}") = "ServiceBusCopyValidation", "ServiceBusCopyValidation\ServiceBusCopyValidation.csproj", "{AD7DE663-2DEF-4631-B5E7-3577C602093D}"
EndProject
Project("{FAE04EC0-301F-11D3-BF4B-00C04F79EFBC}") = "EventHubCopyValidation", "EventHubCopyValidation\EventHubCopyValidation.csproj", "{A5666737-C113-45C6-84D7-71AEA5865EB5}"
EndProject
Global
	GlobalSection(SolutionConfigurationPlatforms) = preSolution
		Debug|Any CPU = Debug|Any CPU
		Debug|x64 = Debug|x64
		Debug|x86 = Debug|x86
		Release|Any CPU = Release|Any CPU
		Release|x64 = Release|x64
		Release|x86 = Release|x86
	EndGlobalSection
	GlobalSection(SolutionProperties) = preSolution
		HideSolutionNode = FALSE
	EndGlobalSection
	GlobalSection(ProjectConfigurationPlatforms) = postSolution
		{31132CBD-8140-469C-B58C-747938ECAA20}.Debug|Any CPU.ActiveCfg = Debug|Any CPU
		{31132CBD-8140-469C-B58C-747938ECAA20}.Debug|Any CPU.Build.0 = Debug|Any CPU
		{31132CBD-8140-469C-B58C-747938ECAA20}.Debug|x64.ActiveCfg = Debug|Any CPU
		{31132CBD-8140-469C-B58C-747938ECAA20}.Debug|x64.Build.0 = Debug|Any CPU
		{31132CBD-8140-469C-B58C-747938ECAA20}.Debug|x86.ActiveCfg = Debug|Any CPU
		{31132CBD-8140-469C-B58C-747938ECAA20}.Debug|x86.Build.0 = Debug|Any CPU
		{31132CBD-8140-469C-B58C-747938ECAA20}.Release|Any CPU.ActiveCfg = Release|Any CPU
		{31132CBD-8140-469C-B58C-747938ECAA20}.Release|Any CPU.Build.0 = Release|Any CPU
		{31132CBD-8140-469C-B58C-747938ECAA20}.Release|x64.ActiveCfg = Release|Any CPU
		{31132CBD-8140-469C-B58C-747938ECAA20}.Release|x64.Build.0 = Release|Any CPU
		{31132CBD-8140-469C-B58C-747938ECAA20}.Release|x86.ActiveCfg = Release|Any CPU
		{31132CBD-8140-469C-B58C-747938ECAA20}.Release|x86.Build.0 = Release|Any CPU
		{15026AD3-FB2B-4B5A-B2EC-31444B06D285}.Debug|Any CPU.ActiveCfg = Debug|Any CPU
		{15026AD3-FB2B-4B5A-B2EC-31444B06D285}.Debug|Any CPU.Build.0 = Debug|Any CPU
		{15026AD3-FB2B-4B5A-B2EC-31444B06D285}.Debug|x64.ActiveCfg = Debug|Any CPU
		{15026AD3-FB2B-4B5A-B2EC-31444B06D285}.Debug|x64.Build.0 = Debug|Any CPU
		{15026AD3-FB2B-4B5A-B2EC-31444B06D285}.Debug|x86.ActiveCfg = Debug|Any CPU
		{15026AD3-FB2B-4B5A-B2EC-31444B06D285}.Debug|x86.Build.0 = Debug|Any CPU
		{15026AD3-FB2B-4B5A-B2EC-31444B06D285}.Release|Any CPU.ActiveCfg = Release|Any CPU
		{15026AD3-FB2B-4B5A-B2EC-31444B06D285}.Release|Any CPU.Build.0 = Release|Any CPU
		{15026AD3-FB2B-4B5A-B2EC-31444B06D285}.Release|x64.ActiveCfg = Release|Any CPU
		{15026AD3-FB2B-4B5A-B2EC-31444B06D285}.Release|x64.Build.0 = Release|Any CPU
		{15026AD3-FB2B-4B5A-B2EC-31444B06D285}.Release|x86.ActiveCfg = Release|Any CPU
		{15026AD3-FB2B-4B5A-B2EC-31444B06D285}.Release|x86.Build.0 = Release|Any CPU
		{6ACF0AAD-BBA1-4FB0-9D34-D06B0A0B84F4}.Debug|Any CPU.ActiveCfg = Debug|Any CPU
		{6ACF0AAD-BBA1-4FB0-9D34-D06B0A0B84F4}.Debug|Any CPU.Build.0 = Debug|Any CPU
		{6ACF0AAD-BBA1-4FB0-9D34-D06B0A0B84F4}.Debug|x64.ActiveCfg = Debug|Any CPU
		{6ACF0AAD-BBA1-4FB0-9D34-D06B0A0B84F4}.Debug|x64.Build.0 = Debug|Any CPU
		{6ACF0AAD-BBA1-4FB0-9D34-D06B0A0B84F4}.Debug|x86.ActiveCfg = Debug|Any CPU
		{6ACF0AAD-BBA1-4FB0-9D34-D06B0A0B84F4}.Debug|x86.Build.0 = Debug|Any CPU
		{6ACF0AAD-BBA1-4FB0-9D34-D06B0A0B84F4}.Release|Any CPU.ActiveCfg = Release|Any CPU
		{6ACF0AAD-BBA1-4FB0-9D34-D06B0A0B84F4}.Release|Any CPU.Build.0 = Release|Any CPU
		{6ACF0AAD-BBA1-4FB0-9D34-D06B0A0B84F4}.Release|x64.ActiveCfg = Release|Any CPU
		{6ACF0AAD-BBA1-4FB0-9D34-D06B0A0B84F4}.Release|x64.Build.0 = Release|Any CPU
		{6ACF0AAD-BBA1-4FB0-9D34-D06B0A0B84F4}.Release|x86.ActiveCfg = Release|Any CPU
		{6ACF0AAD-BBA1-4FB0-9D34-D06B0A0B84F4}.Release|x86.Build.0 = Release|Any CPU
		{64DA4C35-54C2-4D87-89E2-FD083E285EF1}.Debug|Any CPU.ActiveCfg = Debug|Any CPU
		{64DA4C35-54C2-4D87-89E2-FD083E285EF1}.Debug|Any CPU.Build.0 = Debug|Any CPU
		{64DA4C35-54C2-4D87-89E2-FD083E285EF1}.Debug|x64.ActiveCfg = Debug|Any CPU
		{64DA4C35-54C2-4D87-89E2-FD083E285EF1}.Debug|x64.Build.0 = Debug|Any CPU
		{64DA4C35-54C2-4D87-89E2-FD083E285EF1}.Debug|x86.ActiveCfg = Debug|Any CPU
		{64DA4C35-54C2-4D87-89E2-FD083E285EF1}.Debug|x86.Build.0 = Debug|Any CPU
		{64DA4C35-54C2-4D87-89E2-FD083E285EF1}.Release|Any CPU.ActiveCfg = Release|Any CPU
		{64DA4C35-54C2-4D87-89E2-FD083E285EF1}.Release|Any CPU.Build.0 = Release|Any CPU
		{64DA4C35-54C2-4D87-89E2-FD083E285EF1}.Release|x64.ActiveCfg = Release|Any CPU
		{64DA4C35-54C2-4D87-89E2-FD083E285EF1}.Release|x64.Build.0 = Release|Any CPU
		{64DA4C35-54C2-4D87-89E2-FD083E285EF1}.Release|x86.ActiveCfg = Release|Any CPU
		{64DA4C35-54C2-4D87-89E2-FD083E285EF1}.Release|x86.Build.0 = Release|Any CPU
		{55968A39-67A1-45BE-A1E2-7132C5AF96C6}.Debug|Any CPU.ActiveCfg = Debug|Any CPU
		{55968A39-67A1-45BE-A1E2-7132C5AF96C6}.Debug|Any CPU.Build.0 = Debug|Any CPU
		{55968A39-67A1-45BE-A1E2-7132C5AF96C6}.Debug|x64.ActiveCfg = Debug|Any CPU
		{55968A39-67A1-45BE-A1E2-7132C5AF96C6}.Debug|x64.Build.0 = Debug|Any CPU
		{55968A39-67A1-45BE-A1E2-7132C5AF96C6}.Debug|x86.ActiveCfg = Debug|Any CPU
		{55968A39-67A1-45BE-A1E2-7132C5AF96C6}.Debug|x86.Build.0 = Debug|Any CPU
		{55968A39-67A1-45BE-A1E2-7132C5AF96C6}.Release|Any CPU.ActiveCfg = Release|Any CPU
		{55968A39-67A1-45BE-A1E2-7132C5AF96C6}.Release|Any CPU.Build.0 = Release|Any CPU
		{55968A39-67A1-45BE-A1E2-7132C5AF96C6}.Release|x64.ActiveCfg = Release|Any CPU
		{55968A39-67A1-45BE-A1E2-7132C5AF96C6}.Release|x64.Build.0 = Release|Any CPU
		{55968A39-67A1-45BE-A1E2-7132C5AF96C6}.Release|x86.ActiveCfg = Release|Any CPU
		{55968A39-67A1-45BE-A1E2-7132C5AF96C6}.Release|x86.Build.0 = Release|Any CPU
		{AD7DE663-2DEF-4631-B5E7-3577C602093D}.Debug|Any CPU.ActiveCfg = Debug|Any CPU
		{AD7DE663-2DEF-4631-B5E7-3577C602093D}.Debug|Any CPU.Build.0 = Debug|Any CPU
		{AD7DE663-2DEF-4631-B5E7-3577C602093D}.Debug|x64.ActiveCfg = Debug|Any CPU
		{AD7DE663-2DEF-4631-B5E7-3577C602093D}.Debug|x64.Build.0 = Debug|Any CPU
		{AD7DE663-2DEF-4631-B5E7-3577C602093D}.Debug|x86.ActiveCfg = Debug|Any CPU
		{AD7DE663-2DEF-4631-B5E7-3577C602093D}.Debug|x86.Build.0 = Debug|Any CPU
		{AD7DE663-2DEF-4631-B5E7-3577C602093D}.Release|Any CPU.ActiveCfg = Release|Any CPU
		{AD7DE663-2DEF-4631-B5E7-3577C602093D}.Release|Any CPU.Build.0 = Release|Any CPU
		{AD7DE663-2DEF-4631-B5E7-3577C602093D}.Release|x64.ActiveCfg = Release|Any CPU
		{AD7DE663-2DEF-4631-B5E7-3577C602093D}.Release|x64.Build.0 = Release|Any CPU
		{AD7DE663-2DEF-4631-B5E7-3577C602093D}.Release|x86.ActiveCfg = Release|Any CPU
		{AD7DE663-2DEF-4631-B5E7-3577C602093D}.Release|x86.Build.0 = Release|Any CPU
		{A5666737-C113-45C6-84D7-71AEA5865EB5}.Debug|Any CPU.ActiveCfg = Debug|Any CPU
		{A5666737-C113-45C6-84D7-71AEA5865EB5}.Debug|Any CPU.Build.0 = Debug|Any CPU
		{A5666737-C113-45C6-84D7-71AEA5865EB5}.Debug|x64.ActiveCfg = Debug|Any CPU
		{A5666737-C113-45C6-84D7-71AEA5865EB5}.Debug|x64.Build.0 = Debug|Any CPU
		{A5666737-C113-45C6-84D7-71AEA5865EB5}.Debug|x86.ActiveCfg = Debug|Any CPU
		{A5666737-C113-45C6-84D7-71AEA5865EB5}.Debug|x86.Build.0 = Debug|Any CPU
		{A5666737-C113-45C6-84D7-71AEA5865EB5}.Release|Any CPU.ActiveCfg = Release|Any CPU
		{A5666737-C113-45C6-84D7-71AEA5865EB5}.Release|Any CPU.Build.0 = Release|Any CPU
		{A5666737-C113-45C6-84D7-71AEA5865EB5}.Release|x64.ActiveCfg = Release|Any CPU
		{A5666737-C113-45C6-84D7-71AEA5865EB5}.Release|x64.Build.0 = Release|Any CPU
		{A5666737-C113-45C6-84D7-71AEA5865EB5}.Release|x86.ActiveCfg = Release|Any CPU
		{A5666737-C113-45C6-84D7-71AEA5865EB5}.Release|x86.Build.0 = Release|Any CPU
	EndGlobalSection
EndGlobal
