
Microsoft Visual Studio Solution File, Format Version 12.00
# Visual Studio Version 16
VisualStudioVersion = 16.0.30517.126
MinimumVisualStudioVersion = 10.0.40219.1
Project("{9A19103F-16F7-4668-BE54-9A1E7A4F7556}") = "Azure.Messaging.Replication", "src/Azure.Messaging.Replication/Azure.Messaging.Replication.csproj", "{A8F9F44A-E22F-4A99-A0C8-4B350BDF2B16}"
EndProject
Global
	GlobalSection(SolutionConfigurationPlatforms) = preSolution
		Debug|Any CPU = Debug|Any CPU
		Release|Any CPU = Release|Any CPU
	EndGlobalSection
	GlobalSection(ProjectConfigurationPlatforms) = postSolution
		{A8F9F44A-E22F-4A99-A0C8-4B350BDF2B16}.Debug|Any CPU.ActiveCfg = Debug|Any CPU
		{A8F9F44A-E22F-4A99-A0C8-4B350BDF2B16}.Debug|Any CPU.Build.0 = Debug|Any CPU
		{A8F9F44A-E22F-4A99-A0C8-4B350BDF2B16}.Release|Any CPU.ActiveCfg = Release|Any CPU
		{A8F9F44A-E22F-4A99-A0C8-4B350BDF2B16}.Release|Any CPU.Build.0 = Release|Any CPU
	EndGlobalSection
	GlobalSection(SolutionProperties) = preSolution
		HideSolutionNode = FALSE
	EndGlobalSection
	GlobalSection(ExtensibilityGlobals) = postSolution
		SolutionGuid = {7E43649B-F03A-4E0F-B573-3EA48D008FC4}
	EndGlobalSection
EndGlobal
